{
    "name": "vexflow-example-javascript",
    "version": "1.0.0",
    "lockfileVersion": 2,
    "requires": true,
    "packages": {
        "": {
            "name": "vexflow-example-javascript",
            "version": "1.0.0",
            "license": "MIT",
            "dependencies": {
                "jsdom": "^18.0.1",
                "jspdf": "^2.4.0",
                "svg2pdf.js": "^2.2.0",
                "vexflow": "https://vexflow-demo.surge.sh/vexflow-beta-2021-12-07.tgz"
            },
            "devDependencies": {
                "esbuild": "^0.13.10"
            }
        },
        "../../../_": {
            "name": "vexflow",
            "version": "4.0.0",
            "extraneous": true,
            "license": "MIT",
            "dependencies": {
                "@types/offscreencanvas": "^2019.6.4"
            },
            "devDependencies": {
                "@typescript-eslint/eslint-plugin": "^5.4.0",
                "@typescript-eslint/parser": "^5.4.0",
                "canvas": "^2.8.0",
                "circular-dependency-plugin": "^5.2.2",
                "eslint": "^8.3.0",
                "eslint-config-prettier": "^8.3.0",
                "eslint-plugin-import": "^2.25.3",
                "eslint-plugin-prettier": "^4.0.0",
                "eslint-plugin-simple-import-sort": "^7.0.0",
                "glob": "^7.2.0",
                "grunt": "^1.4.1",
                "grunt-bump": "^0.8.0",
                "grunt-cli": "^1.4.3",
                "grunt-concurrent": "^3.0.0",
                "grunt-contrib-clean": "^2.0.0",
                "grunt-contrib-concat": "^2.0.0",
                "grunt-contrib-copy": "^1.0.0",
                "grunt-contrib-qunit": "^5.1.1",
                "grunt-contrib-watch": "^1.1.0",
                "grunt-eslint": "^24.0.0",
                "grunt-force-task": "^3.0.0",
                "grunt-git": "^1.1.1",
                "grunt-typedoc": "^0.2.4",
                "grunt-webpack": "^5.0.0",
                "jsdom": "^18.1.1",
                "jspdf": "^2.4.0",
                "npm": "^8.1.4",
                "opentype.js": "^1.3.4",
                "prettier": "^2.5.0",
                "qunit": "^2.17.2",
                "sharp": "^0.29.3",
                "string-replace-loader": "^3.1.0",
                "svg2pdf.js": "^2.2.0",
                "ts-loader": "^9.2.6",
                "typedoc": "^0.22.10",
                "typescript": "^4.5.2",
                "webpack": "^5.64.4"
            }
        },
        "node_modules/@babel/runtime": {
            "version": "7.16.3",
            "license": "MIT",
            "dependencies": {
                "regenerator-runtime": "^0.13.4"
            },
            "engines": {
                "node": ">=6.9.0"
            }
        },
        "node_modules/@tootallnate/once": {
            "version": "2.0.0",
            "license": "MIT",
            "engines": {
                "node": ">= 10"
            }
        },
        "node_modules/@types/offscreencanvas": {
            "version": "2019.6.4",
            "resolved": "https://registry.npmjs.org/@types/offscreencanvas/-/offscreencanvas-2019.6.4.tgz",
            "integrity": "sha512-u8SAgdZ8ROtkTF+mfZGOscl0or6BSj9A4g37e6nvxDc+YB/oDut0wHkK2PBBiC2bNR8TS0CPV+1gAk4fNisr1Q=="
        },
        "node_modules/@types/raf": {
            "version": "3.4.0",
            "license": "MIT",
            "optional": true
        },
        "node_modules/abab": {
            "version": "2.0.5",
            "license": "BSD-3-Clause"
        },
        "node_modules/acorn": {
            "version": "8.6.0",
            "license": "MIT",
            "bin": {
                "acorn": "bin/acorn"
            },
            "engines": {
                "node": ">=0.4.0"
            }
        },
        "node_modules/acorn-globals": {
            "version": "6.0.0",
            "license": "MIT",
            "dependencies": {
                "acorn": "^7.1.1",
                "acorn-walk": "^7.1.1"
            }
        },
        "node_modules/acorn-globals/node_modules/acorn": {
            "version": "7.4.1",
            "license": "MIT",
            "bin": {
                "acorn": "bin/acorn"
            },
            "engines": {
                "node": ">=0.4.0"
            }
        },
        "node_modules/acorn-walk": {
            "version": "7.2.0",
            "license": "MIT",
            "engines": {
                "node": ">=0.4.0"
            }
        },
        "node_modules/agent-base": {
            "version": "6.0.2",
            "license": "MIT",
            "dependencies": {
                "debug": "4"
            },
            "engines": {
                "node": ">= 6.0.0"
            }
        },
        "node_modules/asynckit": {
            "version": "0.4.0",
            "license": "MIT"
        },
        "node_modules/atob": {
            "version": "2.1.2",
            "license": "(MIT OR Apache-2.0)",
            "bin": {
                "atob": "bin/atob.js"
            },
            "engines": {
                "node": ">= 4.5.0"
            }
        },
        "node_modules/base64-arraybuffer": {
            "version": "0.2.0",
            "optional": true,
            "engines": {
                "node": ">= 0.6.0"
            }
        },
        "node_modules/browser-process-hrtime": {
            "version": "1.0.0",
            "license": "BSD-2-Clause"
        },
        "node_modules/btoa": {
            "version": "1.2.1",
            "license": "(MIT OR Apache-2.0)",
            "bin": {
                "btoa": "bin/btoa.js"
            },
            "engines": {
                "node": ">= 0.4.0"
            }
        },
        "node_modules/canvg": {
            "version": "3.0.9",
            "license": "MIT",
            "optional": true,
            "dependencies": {
                "@babel/runtime": "^7.12.5",
                "@types/raf": "^3.4.0",
                "core-js": "^3.8.3",
                "raf": "^3.4.1",
                "regenerator-runtime": "^0.13.7",
                "rgbcolor": "^1.0.1",
                "stackblur-canvas": "^2.0.0",
                "svg-pathdata": "^6.0.3"
            },
            "engines": {
                "node": ">=10.0.0"
            }
        },
        "node_modules/combined-stream": {
            "version": "1.0.8",
            "license": "MIT",
            "dependencies": {
                "delayed-stream": "~1.0.0"
            },
            "engines": {
                "node": ">= 0.8"
            }
        },
        "node_modules/core-js": {
            "version": "3.19.1",
            "hasInstallScript": true,
            "license": "MIT",
            "optional": true,
            "funding": {
                "type": "opencollective",
                "url": "https://opencollective.com/core-js"
            }
        },
        "node_modules/css-line-break": {
            "version": "2.0.1",
            "license": "MIT",
            "optional": true,
            "dependencies": {
                "base64-arraybuffer": "^0.2.0"
            }
        },
        "node_modules/cssesc": {
            "version": "3.0.0",
            "license": "MIT",
            "bin": {
                "cssesc": "bin/cssesc"
            },
            "engines": {
                "node": ">=4"
            }
        },
        "node_modules/cssom": {
            "version": "0.5.0",
            "license": "MIT"
        },
        "node_modules/cssstyle": {
            "version": "2.3.0",
            "license": "MIT",
            "dependencies": {
                "cssom": "~0.3.6"
            },
            "engines": {
                "node": ">=8"
            }
        },
        "node_modules/cssstyle/node_modules/cssom": {
            "version": "0.3.8",
            "license": "MIT"
        },
        "node_modules/data-urls": {
            "version": "3.0.1",
            "license": "MIT",
            "dependencies": {
                "abab": "^2.0.3",
                "whatwg-mimetype": "^3.0.0",
                "whatwg-url": "^10.0.0"
            },
            "engines": {
                "node": ">=12"
            }
        },
        "node_modules/debug": {
            "version": "4.3.2",
            "license": "MIT",
            "dependencies": {
                "ms": "2.1.2"
            },
            "engines": {
                "node": ">=6.0"
            },
            "peerDependenciesMeta": {
                "supports-color": {
                    "optional": true
                }
            }
        },
        "node_modules/decimal.js": {
            "version": "10.3.1",
            "license": "MIT"
        },
        "node_modules/deep-is": {
            "version": "0.1.4",
            "license": "MIT"
        },
        "node_modules/delayed-stream": {
            "version": "1.0.0",
            "license": "MIT",
            "engines": {
                "node": ">=0.4.0"
            }
        },
        "node_modules/domexception": {
            "version": "4.0.0",
            "license": "MIT",
            "dependencies": {
                "webidl-conversions": "^7.0.0"
            },
            "engines": {
                "node": ">=12"
            }
        },
        "node_modules/dompurify": {
            "version": "2.3.3",
            "license": "(MPL-2.0 OR Apache-2.0)",
            "optional": true
        },
        "node_modules/esbuild": {
            "version": "0.13.14",
            "dev": true,
            "hasInstallScript": true,
            "license": "MIT",
            "bin": {
                "esbuild": "bin/esbuild"
            },
            "optionalDependencies": {
                "esbuild-android-arm64": "0.13.14",
                "esbuild-darwin-64": "0.13.14",
                "esbuild-darwin-arm64": "0.13.14",
                "esbuild-freebsd-64": "0.13.14",
                "esbuild-freebsd-arm64": "0.13.14",
                "esbuild-linux-32": "0.13.14",
                "esbuild-linux-64": "0.13.14",
                "esbuild-linux-arm": "0.13.14",
                "esbuild-linux-arm64": "0.13.14",
                "esbuild-linux-mips64le": "0.13.14",
                "esbuild-linux-ppc64le": "0.13.14",
                "esbuild-netbsd-64": "0.13.14",
                "esbuild-openbsd-64": "0.13.14",
                "esbuild-sunos-64": "0.13.14",
                "esbuild-windows-32": "0.13.14",
                "esbuild-windows-64": "0.13.14",
                "esbuild-windows-arm64": "0.13.14"
            }
        },
        "node_modules/esbuild-darwin-64": {
            "version": "0.13.14",
            "cpu": [
                "x64"
            ],
            "dev": true,
            "license": "MIT",
            "optional": true,
            "os": [
                "darwin"
            ]
        },
        "node_modules/escodegen": {
            "version": "2.0.0",
            "license": "BSD-2-Clause",
            "dependencies": {
                "esprima": "^4.0.1",
                "estraverse": "^5.2.0",
                "esutils": "^2.0.2",
                "optionator": "^0.8.1"
            },
            "bin": {
                "escodegen": "bin/escodegen.js",
                "esgenerate": "bin/esgenerate.js"
            },
            "engines": {
                "node": ">=6.0"
            },
            "optionalDependencies": {
                "source-map": "~0.6.1"
            }
        },
        "node_modules/esprima": {
            "version": "4.0.1",
            "license": "BSD-2-Clause",
            "bin": {
                "esparse": "bin/esparse.js",
                "esvalidate": "bin/esvalidate.js"
            },
            "engines": {
                "node": ">=4"
            }
        },
        "node_modules/estraverse": {
            "version": "5.3.0",
            "license": "BSD-2-Clause",
            "engines": {
                "node": ">=4.0"
            }
        },
        "node_modules/esutils": {
            "version": "2.0.3",
            "license": "BSD-2-Clause",
            "engines": {
                "node": ">=0.10.0"
            }
        },
        "node_modules/fast-levenshtein": {
            "version": "2.0.6",
            "license": "MIT"
        },
        "node_modules/fflate": {
            "version": "0.4.8",
            "license": "MIT"
        },
        "node_modules/font-family-papandreou": {
            "version": "0.2.0-patch2",
            "license": "MIT"
        },
        "node_modules/form-data": {
            "version": "4.0.0",
            "license": "MIT",
            "dependencies": {
                "asynckit": "^0.4.0",
                "combined-stream": "^1.0.8",
                "mime-types": "^2.1.12"
            },
            "engines": {
                "node": ">= 6"
            }
        },
        "node_modules/html-encoding-sniffer": {
            "version": "3.0.0",
            "license": "MIT",
            "dependencies": {
                "whatwg-encoding": "^2.0.0"
            },
            "engines": {
                "node": ">=12"
            }
        },
        "node_modules/html2canvas": {
            "version": "1.3.2",
            "license": "MIT",
            "optional": true,
            "dependencies": {
                "css-line-break": "2.0.1",
                "text-segmentation": "^1.0.2"
            },
            "engines": {
                "node": ">=8.0.0"
            }
        },
        "node_modules/http-proxy-agent": {
            "version": "5.0.0",
            "license": "MIT",
            "dependencies": {
                "@tootallnate/once": "2",
                "agent-base": "6",
                "debug": "4"
            },
            "engines": {
                "node": ">= 6"
            }
        },
        "node_modules/https-proxy-agent": {
            "version": "5.0.0",
            "license": "MIT",
            "dependencies": {
                "agent-base": "6",
                "debug": "4"
            },
            "engines": {
                "node": ">= 6"
            }
        },
        "node_modules/iconv-lite": {
            "version": "0.6.3",
            "license": "MIT",
            "dependencies": {
                "safer-buffer": ">= 2.1.2 < 3.0.0"
            },
            "engines": {
                "node": ">=0.10.0"
            }
        },
        "node_modules/is-potential-custom-element-name": {
            "version": "1.0.1",
            "license": "MIT"
        },
        "node_modules/jsdom": {
            "version": "18.1.0",
            "license": "MIT",
            "dependencies": {
                "abab": "^2.0.5",
                "acorn": "^8.5.0",
                "acorn-globals": "^6.0.0",
                "cssom": "^0.5.0",
                "cssstyle": "^2.3.0",
                "data-urls": "^3.0.1",
                "decimal.js": "^10.3.1",
                "domexception": "^4.0.0",
                "escodegen": "^2.0.0",
                "form-data": "^4.0.0",
                "html-encoding-sniffer": "^3.0.0",
                "http-proxy-agent": "^5.0.0",
                "https-proxy-agent": "^5.0.0",
                "is-potential-custom-element-name": "^1.0.1",
                "nwsapi": "^2.2.0",
                "parse5": "6.0.1",
                "saxes": "^5.0.1",
                "symbol-tree": "^3.2.4",
                "tough-cookie": "^4.0.0",
                "w3c-hr-time": "^1.0.2",
                "w3c-xmlserializer": "^3.0.0",
                "webidl-conversions": "^7.0.0",
                "whatwg-encoding": "^2.0.0",
                "whatwg-mimetype": "^3.0.0",
                "whatwg-url": "^10.0.0",
                "ws": "^8.2.3",
                "xml-name-validator": "^4.0.0"
            },
            "engines": {
                "node": ">=12"
            },
            "peerDependencies": {
                "canvas": "^2.5.0"
            },
            "peerDependenciesMeta": {
                "canvas": {
                    "optional": true
                }
            }
        },
        "node_modules/jspdf": {
            "version": "2.4.0",
            "license": "MIT",
            "dependencies": {
                "@babel/runtime": "^7.14.0",
                "atob": "^2.1.2",
                "btoa": "^1.2.1",
                "fflate": "^0.4.8"
            },
            "optionalDependencies": {
                "canvg": "^3.0.6",
                "core-js": "^3.6.0",
                "dompurify": "^2.2.0",
                "html2canvas": "^1.0.0-rc.5"
            }
        },
        "node_modules/levn": {
            "version": "0.3.0",
            "license": "MIT",
            "dependencies": {
                "prelude-ls": "~1.1.2",
                "type-check": "~0.3.2"
            },
            "engines": {
                "node": ">= 0.8.0"
            }
        },
        "node_modules/mime-db": {
            "version": "1.51.0",
            "license": "MIT",
            "engines": {
                "node": ">= 0.6"
            }
        },
        "node_modules/mime-types": {
            "version": "2.1.34",
            "license": "MIT",
            "dependencies": {
                "mime-db": "1.51.0"
            },
            "engines": {
                "node": ">= 0.6"
            }
        },
        "node_modules/ms": {
            "version": "2.1.2",
            "license": "MIT"
        },
        "node_modules/nwsapi": {
            "version": "2.2.0",
            "license": "MIT"
        },
        "node_modules/optionator": {
            "version": "0.8.3",
            "license": "MIT",
            "dependencies": {
                "deep-is": "~0.1.3",
                "fast-levenshtein": "~2.0.6",
                "levn": "~0.3.0",
                "prelude-ls": "~1.1.2",
                "type-check": "~0.3.2",
                "word-wrap": "~1.2.3"
            },
            "engines": {
                "node": ">= 0.8.0"
            }
        },
        "node_modules/parse5": {
            "version": "6.0.1",
            "license": "MIT"
        },
        "node_modules/performance-now": {
            "version": "2.1.0",
            "license": "MIT",
            "optional": true
        },
        "node_modules/prelude-ls": {
            "version": "1.1.2",
            "engines": {
                "node": ">= 0.8.0"
            }
        },
        "node_modules/psl": {
            "version": "1.8.0",
            "license": "MIT"
        },
        "node_modules/punycode": {
            "version": "2.1.1",
            "license": "MIT",
            "engines": {
                "node": ">=6"
            }
        },
        "node_modules/raf": {
            "version": "3.4.1",
            "license": "MIT",
            "optional": true,
            "dependencies": {
                "performance-now": "^2.1.0"
            }
        },
        "node_modules/regenerator-runtime": {
            "version": "0.13.9",
            "license": "MIT"
        },
        "node_modules/rgbcolor": {
            "version": "1.0.1",
            "license": "MIT OR SEE LICENSE IN FEEL-FREE.md",
            "optional": true,
            "engines": {
                "node": ">= 0.8.15"
            }
        },
        "node_modules/safer-buffer": {
            "version": "2.1.2",
            "license": "MIT"
        },
        "node_modules/saxes": {
            "version": "5.0.1",
            "license": "ISC",
            "dependencies": {
                "xmlchars": "^2.2.0"
            },
            "engines": {
                "node": ">=10"
            }
        },
        "node_modules/source-map": {
            "version": "0.6.1",
            "license": "BSD-3-Clause",
            "optional": true,
            "engines": {
                "node": ">=0.10.0"
            }
        },
        "node_modules/specificity": {
            "version": "0.4.1",
            "license": "MIT",
            "bin": {
                "specificity": "bin/specificity"
            }
        },
        "node_modules/stackblur-canvas": {
            "version": "2.5.0",
            "license": "MIT",
            "optional": true,
            "engines": {
                "node": ">=0.1.14"
            }
        },
        "node_modules/svg-pathdata": {
            "version": "6.0.3",
            "license": "MIT",
            "optional": true,
            "engines": {
                "node": ">=12.0.0"
            }
        },
        "node_modules/svg2pdf.js": {
            "version": "2.2.0",
            "license": "MIT",
            "dependencies": {
                "cssesc": "^3.0.0",
                "font-family-papandreou": "^0.2.0-patch1",
                "specificity": "^0.4.1",
                "svgpath": "^2.3.0"
            },
            "peerDependencies": {
                "jspdf": "^2.0.0"
            }
        },
        "node_modules/svgpath": {
            "version": "2.3.1",
            "license": "MIT"
        },
        "node_modules/symbol-tree": {
            "version": "3.2.4",
            "license": "MIT"
        },
        "node_modules/text-segmentation": {
            "version": "1.0.2",
            "license": "MIT",
            "optional": true,
            "dependencies": {
                "utrie": "^1.0.1"
            }
        },
        "node_modules/tough-cookie": {
            "version": "4.0.0",
            "license": "BSD-3-Clause",
            "dependencies": {
                "psl": "^1.1.33",
                "punycode": "^2.1.1",
                "universalify": "^0.1.2"
            },
            "engines": {
                "node": ">=6"
            }
        },
        "node_modules/tr46": {
            "version": "3.0.0",
            "license": "MIT",
            "dependencies": {
                "punycode": "^2.1.1"
            },
            "engines": {
                "node": ">=12"
            }
        },
        "node_modules/type-check": {
            "version": "0.3.2",
            "license": "MIT",
            "dependencies": {
                "prelude-ls": "~1.1.2"
            },
            "engines": {
                "node": ">= 0.8.0"
            }
        },
        "node_modules/universalify": {
            "version": "0.1.2",
            "license": "MIT",
            "engines": {
                "node": ">= 4.0.0"
            }
        },
        "node_modules/utrie": {
            "version": "1.0.1",
            "license": "MIT",
            "optional": true,
            "dependencies": {
                "base64-arraybuffer": "^1.0.1"
            }
        },
        "node_modules/utrie/node_modules/base64-arraybuffer": {
            "version": "1.0.1",
            "license": "MIT",
            "optional": true,
            "engines": {
                "node": ">= 0.6.0"
            }
        },
        "node_modules/vexflow": {
            "version": "4.0.0",
            "resolved": "https://vexflow-demo.surge.sh/vexflow-beta-2021-12-07.tgz",
            "integrity": "sha512-JdHSpPsqM46z2VZbBwixrXHpHYnUznB+BoskgqxfPb59weGKMRpstiMeD6ke3seBTjVeqrF8db2alpnGkeiVCQ==",
            "license": "MIT",
            "dependencies": {
                "@types/offscreencanvas": "^2019.6.4"
            }
        },
        "node_modules/w3c-hr-time": {
            "version": "1.0.2",
            "license": "MIT",
            "dependencies": {
                "browser-process-hrtime": "^1.0.0"
            }
        },
        "node_modules/w3c-xmlserializer": {
            "version": "3.0.0",
            "license": "MIT",
            "dependencies": {
                "xml-name-validator": "^4.0.0"
            },
            "engines": {
                "node": ">=12"
            }
        },
        "node_modules/webidl-conversions": {
            "version": "7.0.0",
            "license": "BSD-2-Clause",
            "engines": {
                "node": ">=12"
            }
        },
        "node_modules/whatwg-encoding": {
            "version": "2.0.0",
            "license": "MIT",
            "dependencies": {
                "iconv-lite": "0.6.3"
            },
            "engines": {
                "node": ">=12"
            }
        },
        "node_modules/whatwg-mimetype": {
            "version": "3.0.0",
            "license": "MIT",
            "engines": {
                "node": ">=12"
            }
        },
        "node_modules/whatwg-url": {
            "version": "10.0.0",
            "license": "MIT",
            "dependencies": {
                "tr46": "^3.0.0",
                "webidl-conversions": "^7.0.0"
            },
            "engines": {
                "node": ">=12"
            }
        },
        "node_modules/word-wrap": {
            "version": "1.2.3",
            "license": "MIT",
            "engines": {
                "node": ">=0.10.0"
            }
        },
        "node_modules/ws": {
            "version": "8.2.3",
            "license": "MIT",
            "engines": {
                "node": ">=10.0.0"
            },
            "peerDependencies": {
                "bufferutil": "^4.0.1",
                "utf-8-validate": "^5.0.2"
            },
            "peerDependenciesMeta": {
                "bufferutil": {
                    "optional": true
                },
                "utf-8-validate": {
                    "optional": true
                }
            }
        },
        "node_modules/xml-name-validator": {
            "version": "4.0.0",
            "license": "Apache-2.0",
            "engines": {
                "node": ">=12"
            }
        },
        "node_modules/xmlchars": {
            "version": "2.2.0",
            "license": "MIT"
        }
    },
    "dependencies": {
        "@babel/runtime": {
            "version": "7.16.3",
            "requires": {
                "regenerator-runtime": "^0.13.4"
            }
        },
        "@tootallnate/once": {
            "version": "2.0.0"
        },
        "@types/offscreencanvas": {
            "version": "2019.6.4",
            "resolved": "https://registry.npmjs.org/@types/offscreencanvas/-/offscreencanvas-2019.6.4.tgz",
            "integrity": "sha512-u8SAgdZ8ROtkTF+mfZGOscl0or6BSj9A4g37e6nvxDc+YB/oDut0wHkK2PBBiC2bNR8TS0CPV+1gAk4fNisr1Q=="
        },
        "@types/raf": {
            "version": "3.4.0",
            "optional": true
        },
        "abab": {
            "version": "2.0.5"
        },
        "acorn": {
            "version": "8.6.0"
        },
        "acorn-globals": {
            "version": "6.0.0",
            "requires": {
                "acorn": "^7.1.1",
                "acorn-walk": "^7.1.1"
            },
            "dependencies": {
                "acorn": {
                    "version": "7.4.1"
                }
            }
        },
        "acorn-walk": {
            "version": "7.2.0"
        },
        "agent-base": {
            "version": "6.0.2",
            "requires": {
                "debug": "4"
            }
        },
        "asynckit": {
            "version": "0.4.0"
        },
        "atob": {
            "version": "2.1.2"
        },
        "base64-arraybuffer": {
            "version": "0.2.0",
            "optional": true
        },
        "browser-process-hrtime": {
            "version": "1.0.0"
        },
        "btoa": {
            "version": "1.2.1"
        },
        "canvg": {
            "version": "3.0.9",
            "optional": true,
            "requires": {
                "@babel/runtime": "^7.12.5",
                "@types/raf": "^3.4.0",
                "core-js": "^3.8.3",
                "raf": "^3.4.1",
                "regenerator-runtime": "^0.13.7",
                "rgbcolor": "^1.0.1",
                "stackblur-canvas": "^2.0.0",
                "svg-pathdata": "^6.0.3"
            }
        },
        "combined-stream": {
            "version": "1.0.8",
            "requires": {
                "delayed-stream": "~1.0.0"
            }
        },
        "core-js": {
            "version": "3.19.1",
            "optional": true
        },
        "css-line-break": {
            "version": "2.0.1",
            "optional": true,
            "requires": {
                "base64-arraybuffer": "^0.2.0"
            }
        },
        "cssesc": {
            "version": "3.0.0"
        },
        "cssom": {
            "version": "0.5.0"
        },
        "cssstyle": {
            "version": "2.3.0",
            "requires": {
                "cssom": "~0.3.6"
            },
            "dependencies": {
                "cssom": {
                    "version": "0.3.8"
                }
            }
        },
        "data-urls": {
            "version": "3.0.1",
            "requires": {
                "abab": "^2.0.3",
                "whatwg-mimetype": "^3.0.0",
                "whatwg-url": "^10.0.0"
            }
        },
        "debug": {
            "version": "4.3.2",
            "requires": {
                "ms": "2.1.2"
            }
        },
        "decimal.js": {
            "version": "10.3.1"
        },
        "deep-is": {
            "version": "0.1.4"
        },
        "delayed-stream": {
            "version": "1.0.0"
        },
        "domexception": {
            "version": "4.0.0",
            "requires": {
                "webidl-conversions": "^7.0.0"
            }
        },
        "dompurify": {
            "version": "2.3.3",
            "optional": true
        },
        "esbuild": {
            "version": "0.13.14",
            "dev": true,
            "requires": {
                "esbuild-android-arm64": "0.13.14",
                "esbuild-darwin-64": "0.13.14",
                "esbuild-darwin-arm64": "0.13.14",
                "esbuild-freebsd-64": "0.13.14",
                "esbuild-freebsd-arm64": "0.13.14",
                "esbuild-linux-32": "0.13.14",
                "esbuild-linux-64": "0.13.14",
                "esbuild-linux-arm": "0.13.14",
                "esbuild-linux-arm64": "0.13.14",
                "esbuild-linux-mips64le": "0.13.14",
                "esbuild-linux-ppc64le": "0.13.14",
                "esbuild-netbsd-64": "0.13.14",
                "esbuild-openbsd-64": "0.13.14",
                "esbuild-sunos-64": "0.13.14",
                "esbuild-windows-32": "0.13.14",
                "esbuild-windows-64": "0.13.14",
                "esbuild-windows-arm64": "0.13.14"
            }
        },
        "esbuild-darwin-64": {
            "version": "0.13.14",
            "dev": true,
            "optional": true
        },
        "escodegen": {
            "version": "2.0.0",
            "requires": {
                "esprima": "^4.0.1",
                "estraverse": "^5.2.0",
                "esutils": "^2.0.2",
                "optionator": "^0.8.1",
                "source-map": "~0.6.1"
            }
        },
        "esprima": {
            "version": "4.0.1"
        },
        "estraverse": {
            "version": "5.3.0"
        },
        "esutils": {
            "version": "2.0.3"
        },
        "fast-levenshtein": {
            "version": "2.0.6"
        },
        "fflate": {
            "version": "0.4.8"
        },
        "font-family-papandreou": {
            "version": "0.2.0-patch2"
        },
        "form-data": {
            "version": "4.0.0",
            "requires": {
                "asynckit": "^0.4.0",
                "combined-stream": "^1.0.8",
                "mime-types": "^2.1.12"
            }
        },
        "html-encoding-sniffer": {
            "version": "3.0.0",
            "requires": {
                "whatwg-encoding": "^2.0.0"
            }
        },
        "html2canvas": {
            "version": "1.3.2",
            "optional": true,
            "requires": {
                "css-line-break": "2.0.1",
                "text-segmentation": "^1.0.2"
            }
        },
        "http-proxy-agent": {
            "version": "5.0.0",
            "requires": {
                "@tootallnate/once": "2",
                "agent-base": "6",
                "debug": "4"
            }
        },
        "https-proxy-agent": {
            "version": "5.0.0",
            "requires": {
                "agent-base": "6",
                "debug": "4"
            }
        },
        "iconv-lite": {
            "version": "0.6.3",
            "requires": {
                "safer-buffer": ">= 2.1.2 < 3.0.0"
            }
        },
        "is-potential-custom-element-name": {
            "version": "1.0.1"
        },
        "jsdom": {
            "version": "18.1.0",
            "requires": {
                "abab": "^2.0.5",
                "acorn": "^8.5.0",
                "acorn-globals": "^6.0.0",
                "cssom": "^0.5.0",
                "cssstyle": "^2.3.0",
                "data-urls": "^3.0.1",
                "decimal.js": "^10.3.1",
                "domexception": "^4.0.0",
                "escodegen": "^2.0.0",
                "form-data": "^4.0.0",
                "html-encoding-sniffer": "^3.0.0",
                "http-proxy-agent": "^5.0.0",
                "https-proxy-agent": "^5.0.0",
                "is-potential-custom-element-name": "^1.0.1",
                "nwsapi": "^2.2.0",
                "parse5": "6.0.1",
                "saxes": "^5.0.1",
                "symbol-tree": "^3.2.4",
                "tough-cookie": "^4.0.0",
                "w3c-hr-time": "^1.0.2",
                "w3c-xmlserializer": "^3.0.0",
                "webidl-conversions": "^7.0.0",
                "whatwg-encoding": "^2.0.0",
                "whatwg-mimetype": "^3.0.0",
                "whatwg-url": "^10.0.0",
                "ws": "^8.2.3",
                "xml-name-validator": "^4.0.0"
            }
        },
        "jspdf": {
            "version": "2.4.0",
            "requires": {
                "@babel/runtime": "^7.14.0",
                "atob": "^2.1.2",
                "btoa": "^1.2.1",
                "canvg": "^3.0.6",
                "core-js": "^3.6.0",
                "dompurify": "^2.2.0",
                "fflate": "^0.4.8",
                "html2canvas": "^1.0.0-rc.5"
            }
        },
        "levn": {
            "version": "0.3.0",
            "requires": {
                "prelude-ls": "~1.1.2",
                "type-check": "~0.3.2"
            }
        },
        "mime-db": {
            "version": "1.51.0"
        },
        "mime-types": {
            "version": "2.1.34",
            "requires": {
                "mime-db": "1.51.0"
            }
        },
        "ms": {
            "version": "2.1.2"
        },
        "nwsapi": {
            "version": "2.2.0"
        },
        "optionator": {
            "version": "0.8.3",
            "requires": {
                "deep-is": "~0.1.3",
                "fast-levenshtein": "~2.0.6",
                "levn": "~0.3.0",
                "prelude-ls": "~1.1.2",
                "type-check": "~0.3.2",
                "word-wrap": "~1.2.3"
            }
        },
        "parse5": {
            "version": "6.0.1"
        },
        "performance-now": {
            "version": "2.1.0",
            "optional": true
        },
        "prelude-ls": {
            "version": "1.1.2"
        },
        "psl": {
            "version": "1.8.0"
        },
        "punycode": {
            "version": "2.1.1"
        },
        "raf": {
            "version": "3.4.1",
            "optional": true,
            "requires": {
                "performance-now": "^2.1.0"
            }
        },
        "regenerator-runtime": {
            "version": "0.13.9"
        },
        "rgbcolor": {
            "version": "1.0.1",
            "optional": true
        },
        "safer-buffer": {
            "version": "2.1.2"
        },
        "saxes": {
            "version": "5.0.1",
            "requires": {
                "xmlchars": "^2.2.0"
            }
        },
        "source-map": {
            "version": "0.6.1",
            "optional": true
        },
        "specificity": {
            "version": "0.4.1"
        },
        "stackblur-canvas": {
            "version": "2.5.0",
            "optional": true
        },
        "svg-pathdata": {
            "version": "6.0.3",
            "optional": true
        },
        "svg2pdf.js": {
            "version": "2.2.0",
            "requires": {
                "cssesc": "^3.0.0",
                "font-family-papandreou": "^0.2.0-patch1",
                "specificity": "^0.4.1",
                "svgpath": "^2.3.0"
            }
        },
        "svgpath": {
            "version": "2.3.1"
        },
        "symbol-tree": {
            "version": "3.2.4"
        },
        "text-segmentation": {
            "version": "1.0.2",
            "optional": true,
            "requires": {
                "utrie": "^1.0.1"
            }
        },
        "tough-cookie": {
            "version": "4.0.0",
            "requires": {
                "psl": "^1.1.33",
                "punycode": "^2.1.1",
                "universalify": "^0.1.2"
            }
        },
        "tr46": {
            "version": "3.0.0",
            "requires": {
                "punycode": "^2.1.1"
            }
        },
        "type-check": {
            "version": "0.3.2",
            "requires": {
                "prelude-ls": "~1.1.2"
            }
        },
        "universalify": {
            "version": "0.1.2"
        },
        "utrie": {
            "version": "1.0.1",
            "optional": true,
            "requires": {
                "base64-arraybuffer": "^1.0.1"
            },
            "dependencies": {
                "base64-arraybuffer": {
                    "version": "1.0.1",
                    "optional": true
                }
            }
        },
        "vexflow": {
            "version": "https://vexflow-demo.surge.sh/vexflow-beta-2021-12-07.tgz",
            "integrity": "sha512-JdHSpPsqM46z2VZbBwixrXHpHYnUznB+BoskgqxfPb59weGKMRpstiMeD6ke3seBTjVeqrF8db2alpnGkeiVCQ==",
            "requires": {
                "@types/offscreencanvas": "^2019.6.4"
            }
        },
        "w3c-hr-time": {
            "version": "1.0.2",
            "requires": {
                "browser-process-hrtime": "^1.0.0"
            }
        },
        "w3c-xmlserializer": {
            "version": "3.0.0",
            "requires": {
                "xml-name-validator": "^4.0.0"
            }
        },
        "webidl-conversions": {
            "version": "7.0.0"
        },
        "whatwg-encoding": {
            "version": "2.0.0",
            "requires": {
                "iconv-lite": "0.6.3"
            }
        },
        "whatwg-mimetype": {
            "version": "3.0.0"
        },
        "whatwg-url": {
            "version": "10.0.0",
            "requires": {
                "tr46": "^3.0.0",
                "webidl-conversions": "^7.0.0"
            }
        },
        "word-wrap": {
            "version": "1.2.3"
        },
        "ws": {
            "version": "8.2.3",
            "requires": {}
        },
        "xml-name-validator": {
            "version": "4.0.0"
        },
        "xmlchars": {
            "version": "2.2.0"
        }
    }
}
